version = 1
revision = 3
requires-python = ">=3.8"
resolution-markers = [
    "python_full_version >= '3.9'",
    "python_full_version < '3.9'",
]

[[package]]
name = "msgspec"
version = "0.18.6"
source = { registry = "https://pypi.org/simple" }
resolution-markers = [
    "python_full_version < '3.9'",
]
sdist = { url = "https://files.pythonhosted.org/packages/5e/fb/42b1865063fddb14dbcbb6e74e0a366ecf1ba371c4948664dde0b0e10f95/msgspec-0.18.6.tar.gz", hash = "sha256:a59fc3b4fcdb972d09138cb516dbde600c99d07c38fd9372a6ef500d2d031b4e", size = 216757, upload-time = "2024-01-22T04:34:59.365Z" }
wheels = [
    { url = "https://files.pythonhosted.org/packages/49/54/34c2b70e0d42d876c04f6436c80777d786f25c7536830db5e4ec1aef8788/msgspec-0.18.6-cp310-cp310-macosx_10_9_x86_64.whl", hash = "sha256:77f30b0234eceeff0f651119b9821ce80949b4d667ad38f3bfed0d0ebf9d6d8f", size = 202537, upload-time = "2024-01-22T04:34:07.605Z" },
    { url = "https://files.pythonhosted.org/packages/d4/b8/d00d7d03bba8b4eb0bbfdeb6c047163877b2916995f837113d273fd3b774/msgspec-0.18.6-cp310-cp310-macosx_11_0_arm64.whl", hash = "sha256:1a76b60e501b3932782a9da039bd1cd552b7d8dec54ce38332b87136c64852dd", size = 192246, upload-time = "2024-01-22T04:34:09.752Z" },
    { url = "https://files.pythonhosted.org/packages/98/07/40bcd501d0f4e76694ca04a11689f3e06d9ef7a31d74e493a2cc34cd9198/msgspec-0.18.6-cp310-cp310-manylinux_2_17_aarch64.manylinux2014_aarch64.whl", hash = "sha256:06acbd6edf175bee0e36295d6b0302c6de3aaf61246b46f9549ca0041a9d7177", size = 208523, upload-time = "2024-01-22T04:34:11.569Z" },
    { url = "https://files.pythonhosted.org/packages/23/1f/10f2bf07f8fcdc3b0c7bf1bfefdd28bd0353df9290c84e4b3ad8e93e0115/msgspec-0.18.6-cp310-cp310-manylinux_2_17_x86_64.manylinux2014_x86_64.whl", hash = "sha256:40a4df891676d9c28a67c2cc39947c33de516335680d1316a89e8f7218660410", size = 210276, upload-time = "2024-01-22T04:34:13.318Z" },
    { url = "https://files.pythonhosted.org/packages/c7/e4/4bb5bcd89a74bbb246a21687dd62923c43007e28ad17db24ff58653456cb/msgspec-0.18.6-cp310-cp310-musllinux_1_1_aarch64.whl", hash = "sha256:a6896f4cd5b4b7d688018805520769a8446df911eb93b421c6c68155cdf9dd5a", size = 214659, upload-time = "2024-01-22T04:34:15.119Z" },
    { url = "https://files.pythonhosted.org/packages/32/f1/57187427a5a3379cb74aaae753314f9dcde14c259552ec0cb44bcf18db49/msgspec-0.18.6-cp310-cp310-musllinux_1_1_x86_64.whl", hash = "sha256:3ac4dd63fd5309dd42a8c8c36c1563531069152be7819518be0a9d03be9788e4", size = 216585, upload-time = "2024-01-22T04:34:16.382Z" },
    { url = "https://files.pythonhosted.org/packages/7d/d1/94919c9b837fc9a0e9dfc1b598a50298bd194146e7bc7d3f42f18826e9f6/msgspec-0.18.6-cp310-cp310-win_amd64.whl", hash = "sha256:fda4c357145cf0b760000c4ad597e19b53adf01382b711f281720a10a0fe72b7", size = 185677, upload-time = "2024-01-22T04:34:17.622Z" },
    { url = "https://files.pythonhosted.org/packages/15/20/278def3822dec807be1e2a734ba9547500ff06667be9dda00ab5d277d605/msgspec-0.18.6-cp311-cp311-macosx_10_9_x86_64.whl", hash = "sha256:e77e56ffe2701e83a96e35770c6adb655ffc074d530018d1b584a8e635b4f36f", size = 200058, upload-time = "2024-01-22T04:34:18.796Z" },
    { url = "https://files.pythonhosted.org/packages/25/8c/75bfafb040934dd3eb46234a2bd4d8fcc7b646f77440866f954b60e0886b/msgspec-0.18.6-cp311-cp311-macosx_11_0_arm64.whl", hash = "sha256:d5351afb216b743df4b6b147691523697ff3a2fc5f3d54f771e91219f5c23aaa", size = 189108, upload-time = "2024-01-22T04:34:20.648Z" },
    { url = "https://files.pythonhosted.org/packages/0d/e6/5dd960a7678cbaf90dc910611a0e700775ee341876f029c3c987122afe84/msgspec-0.18.6-cp311-cp311-manylinux_2_17_aarch64.manylinux2014_aarch64.whl", hash = "sha256:c3232fabacef86fe8323cecbe99abbc5c02f7698e3f5f2e248e3480b66a3596b", size = 208138, upload-time = "2024-01-22T04:34:22.953Z" },
    { url = "https://files.pythonhosted.org/packages/6a/73/1b2f991dc26899d2f999c938cbc82c858b3cb7e3ccaad317b32760dbe1da/msgspec-0.18.6-cp311-cp311-manylinux_2_17_x86_64.manylinux2014_x86_64.whl", hash = "sha256:e3b524df6ea9998bbc99ea6ee4d0276a101bcc1aa8d14887bb823914d9f60d07", size = 209538, upload-time = "2024-01-22T04:34:24.607Z" },
    { url = "https://files.pythonhosted.org/packages/29/d4/2fb2d40b3bde566fd14bf02bf503eea20a912a02cdf7ff100629906c9094/msgspec-0.18.6-cp311-cp311-musllinux_1_1_aarch64.whl", hash = "sha256:37f67c1d81272131895bb20d388dd8d341390acd0e192a55ab02d4d6468b434c", size = 213571, upload-time = "2024-01-22T04:34:25.889Z" },
    { url = "https://files.pythonhosted.org/packages/59/5a/c2aeeefd78946713047637f0c422c0b8b31182eb9bbed0068e906cc8aca0/msgspec-0.18.6-cp311-cp311-musllinux_1_1_x86_64.whl", hash = "sha256:d0feb7a03d971c1c0353de1a8fe30bb6579c2dc5ccf29b5f7c7ab01172010492", size = 215785, upload-time = "2024-01-22T04:34:27.131Z" },
    { url = "https://files.pythonhosted.org/packages/51/c6/0a8ae23c91ba1e6d58ddb089bba4ce8dad5815411b4a2bb40a5f15d2ab73/msgspec-0.18.6-cp311-cp311-win_amd64.whl", hash = "sha256:41cf758d3f40428c235c0f27bc6f322d43063bc32da7b9643e3f805c21ed57b4", size = 185877, upload-time = "2024-01-22T04:34:28.573Z" },
    { url = "https://files.pythonhosted.org/packages/1d/b5/c8fbf1db814eb29eda402952374b594b2559419ba7ec6d0997a9e5687530/msgspec-0.18.6-cp312-cp312-macosx_10_9_x86_64.whl", hash = "sha256:d86f5071fe33e19500920333c11e2267a31942d18fed4d9de5bc2fbab267d28c", size = 202109, upload-time = "2024-01-22T04:34:29.794Z" },
    { url = "https://files.pythonhosted.org/packages/d7/9a/235d2dbab078a0b8e6f338205dc59be0b027ce000554ee6a9c41b19339e5/msgspec-0.18.6-cp312-cp312-macosx_11_0_arm64.whl", hash = "sha256:ce13981bfa06f5eb126a3a5a38b1976bddb49a36e4f46d8e6edecf33ccf11df1", size = 190281, upload-time = "2024-01-22T04:34:31.563Z" },
    { url = "https://files.pythonhosted.org/packages/0e/f2/f864ed36a8a62c26b57c3e08d212bd8f3d12a3ca3ef64600be5452aa3c82/msgspec-0.18.6-cp312-cp312-manylinux_2_17_aarch64.manylinux2014_aarch64.whl", hash = "sha256:e97dec6932ad5e3ee1e3c14718638ba333befc45e0661caa57033cd4cc489466", size = 210305, upload-time = "2024-01-22T04:34:33.395Z" },
    { url = "https://files.pythonhosted.org/packages/73/16/dfef780ced7d690dd5497846ed242ef3e27e319d59d1ddaae816a4f2c15e/msgspec-0.18.6-cp312-cp312-manylinux_2_17_x86_64.manylinux2014_x86_64.whl", hash = "sha256:ad237100393f637b297926cae1868b0d500f764ccd2f0623a380e2bcfb2809ca", size = 212510, upload-time = "2024-01-22T04:34:34.728Z" },
    { url = "https://files.pythonhosted.org/packages/c1/90/f5b3a788c4b3d92190e3345d1afa3dd107d5f16b8194e1f61b72582ee9bd/msgspec-0.18.6-cp312-cp312-musllinux_1_1_aarch64.whl", hash = "sha256:db1d8626748fa5d29bbd15da58b2d73af25b10aa98abf85aab8028119188ed57", size = 214844, upload-time = "2024-01-22T04:34:35.963Z" },
    { url = "https://files.pythonhosted.org/packages/ce/0b/d4cc1b09f8dfcc6cc4cc9739c13a86e093fe70257b941ea9feb15df22996/msgspec-0.18.6-cp312-cp312-musllinux_1_1_x86_64.whl", hash = "sha256:d70cb3d00d9f4de14d0b31d38dfe60c88ae16f3182988246a9861259c6722af6", size = 217113, upload-time = "2024-01-22T04:34:37.753Z" },
    { url = "https://files.pythonhosted.org/packages/3f/76/30d8f152299f65c85c46a2cbeaf95ad1d18516b5ce730acdaef696d4cfe6/msgspec-0.18.6-cp312-cp312-win_amd64.whl", hash = "sha256:1003c20bfe9c6114cc16ea5db9c5466e49fae3d7f5e2e59cb70693190ad34da0", size = 187184, upload-time = "2024-01-22T04:34:38.938Z" },
    { url = "https://files.pythonhosted.org/packages/5b/2b/262847e614393f265f00b8096d8f71871b27cb71f68f1250a9eac93cb1bc/msgspec-0.18.6-cp38-cp38-macosx_10_9_x86_64.whl", hash = "sha256:f7d9faed6dfff654a9ca7d9b0068456517f63dbc3aa704a527f493b9200b210a", size = 201291, upload-time = "2024-01-22T04:34:40.131Z" },
    { url = "https://files.pythonhosted.org/packages/86/6f/1da53a2ba5f312c3dca9e5f38912732e77f996a22945c8d62df7617c4733/msgspec-0.18.6-cp38-cp38-macosx_11_0_arm64.whl", hash = "sha256:9da21f804c1a1471f26d32b5d9bc0480450ea77fbb8d9db431463ab64aaac2cf", size = 191604, upload-time = "2024-01-22T04:34:41.332Z" },
    { url = "https://files.pythonhosted.org/packages/f0/77/00e1e55607de1092dded768eae746cfdfd6f5aca4ad52b9bb11c3e3b1153/msgspec-0.18.6-cp38-cp38-manylinux_2_17_aarch64.manylinux2014_aarch64.whl", hash = "sha256:46eb2f6b22b0e61c137e65795b97dc515860bf6ec761d8fb65fdb62aa094ba61", size = 210060, upload-time = "2024-01-22T04:34:42.569Z" },
    { url = "https://files.pythonhosted.org/packages/21/e0/1dff019ae22b7d47782d6f1180760828bc96fde368aea983d8e5d872833a/msgspec-0.18.6-cp38-cp38-manylinux_2_17_x86_64.manylinux2014_x86_64.whl", hash = "sha256:c8355b55c80ac3e04885d72db515817d9fbb0def3bab936bba104e99ad22cf46", size = 212378, upload-time = "2024-01-22T04:34:44.319Z" },
    { url = "https://files.pythonhosted.org/packages/85/98/da3ad36c242fdf0e6cd9d63e5d47ca53577f23c180ef040f4b3aefb5b88e/msgspec-0.18.6-cp38-cp38-musllinux_1_1_aarch64.whl", hash = "sha256:9080eb12b8f59e177bd1eb5c21e24dd2ba2fa88a1dbc9a98e05ad7779b54c681", size = 215541, upload-time = "2024-01-22T04:34:45.543Z" },
    { url = "https://files.pythonhosted.org/packages/13/cd/29b0de4e0e4a517fff7161fba034df19c45a5a0ef63b728d0e74dba4911d/msgspec-0.18.6-cp38-cp38-musllinux_1_1_x86_64.whl", hash = "sha256:cc001cf39becf8d2dcd3f413a4797c55009b3a3cdbf78a8bf5a7ca8fdb76032c", size = 218414, upload-time = "2024-01-22T04:34:46.811Z" },
    { url = "https://files.pythonhosted.org/packages/1e/b1/1a92bf0dd6354316c9c3a0e6d1123873bb6f21efdb497980e71e843d2f85/msgspec-0.18.6-cp38-cp38-win_amd64.whl", hash = "sha256:fac5834e14ac4da1fca373753e0c4ec9c8069d1fe5f534fa5208453b6065d5be", size = 187715, upload-time = "2024-01-22T04:34:48.532Z" },
    { url = "https://files.pythonhosted.org/packages/cc/01/54e711813b04a668cbc6467e20ea747aec1aaf2c9afd83ed470d774d22d0/msgspec-0.18.6-cp39-cp39-macosx_10_9_x86_64.whl", hash = "sha256:974d3520fcc6b824a6dedbdf2b411df31a73e6e7414301abac62e6b8d03791b4", size = 202455, upload-time = "2024-01-22T04:34:49.722Z" },
    { url = "https://files.pythonhosted.org/packages/dd/b6/2a78cdd1ef872ad96c509fc4d732ffd86903861c9b4e0a47c85d0b37b0e3/msgspec-0.18.6-cp39-cp39-macosx_11_0_arm64.whl", hash = "sha256:fd62e5818731a66aaa8e9b0a1e5543dc979a46278da01e85c3c9a1a4f047ef7e", size = 192001, upload-time = "2024-01-22T04:34:50.912Z" },
    { url = "https://files.pythonhosted.org/packages/87/fc/1e06294be19595fc72e99957bf191a8a51be88487e280841ac5925069537/msgspec-0.18.6-cp39-cp39-manylinux_2_17_aarch64.manylinux2014_aarch64.whl", hash = "sha256:7481355a1adcf1f08dedd9311193c674ffb8bf7b79314b4314752b89a2cf7f1c", size = 208372, upload-time = "2024-01-22T04:34:52.046Z" },
    { url = "https://files.pythonhosted.org/packages/b7/ee/9967075f4ea0ca3e841e1b98f0f65a6033c464e3542fe594e2e6dad10029/msgspec-0.18.6-cp39-cp39-manylinux_2_17_x86_64.manylinux2014_x86_64.whl", hash = "sha256:6aa85198f8f154cf35d6f979998f6dadd3dc46a8a8c714632f53f5d65b315c07", size = 210257, upload-time = "2024-01-22T04:34:53.786Z" },
    { url = "https://files.pythonhosted.org/packages/70/03/9a16fac8e3de1b1aa30e22db8a38710cbacdb1f25c54dd2fcc0c0fb10585/msgspec-0.18.6-cp39-cp39-musllinux_1_1_aarch64.whl", hash = "sha256:0e24539b25c85c8f0597274f11061c102ad6b0c56af053373ba4629772b407be", size = 214445, upload-time = "2024-01-22T04:34:54.997Z" },
    { url = "https://files.pythonhosted.org/packages/67/15/4b8e28bfd836cd0dbf7ac8feb52dc440d9ed028b798090b931aa6fac9636/msgspec-0.18.6-cp39-cp39-musllinux_1_1_x86_64.whl", hash = "sha256:c61ee4d3be03ea9cd089f7c8e36158786cd06e51fbb62529276452bbf2d52ece", size = 216412, upload-time = "2024-01-22T04:34:56.264Z" },
    { url = "https://files.pythonhosted.org/packages/cd/b2/283d010db6836db2fe059f7ee3c13823927229975ffbe1edcbeded85a556/msgspec-0.18.6-cp39-cp39-win_amd64.whl", hash = "sha256:b5c390b0b0b7da879520d4ae26044d74aeee5144f83087eb7842ba59c02bc090", size = 185801, upload-time = "2024-01-22T04:34:57.599Z" },
]

[[package]]
name = "msgspec"
version = "0.20.0"
source = { registry = "https://pypi.org/simple" }
resolution-markers = [
    "python_full_version >= '3.9'",
]
sdist = { url = "https://files.pythonhosted.org/packages/ea/9c/bfbd12955a49180cbd234c5d29ec6f74fe641698f0cd9df154a854fc8a15/msgspec-0.20.0.tar.gz", hash = "sha256:692349e588fde322875f8d3025ac01689fead5901e7fb18d6870a44519d62a29", size = 317862, upload-time = "2025-11-24T03:56:28.934Z" }
wheels = [
    { url = "https://files.pythonhosted.org/packages/e3/5e/151883ba2047cca9db8ed2f86186b054ad200bc231352df15b0c1dd75b1f/msgspec-0.20.0-cp310-cp310-macosx_10_9_x86_64.whl", hash = "sha256:23a6ec2a3b5038c233b04740a545856a068bc5cb8db184ff493a58e08c994fbf", size = 195191, upload-time = "2025-11-24T03:55:08.549Z" },
    { url = "https://files.pythonhosted.org/packages/50/88/a795647672f547c983eff0823b82aaa35db922c767e1b3693e2dcf96678d/msgspec-0.20.0-cp310-cp310-macosx_11_0_arm64.whl", hash = "sha256:cde2c41ed3eaaef6146365cb0d69580078a19f974c6cb8165cc5dcd5734f573e", size = 188513, upload-time = "2025-11-24T03:55:10.008Z" },
    { url = "https://files.pythonhosted.org/packages/4b/91/eb0abb0e0de142066cebfe546dc9140c5972ea824aa6ff507ad0b6a126ac/msgspec-0.20.0-cp310-cp310-manylinux2014_aarch64.manylinux_2_17_aarch64.manylinux_2_28_aarch64.whl", hash = "sha256:5da0daa782f95d364f0d95962faed01e218732aa1aa6cad56b25a5d2092e75a4", size = 216370, upload-time = "2025-11-24T03:55:11.566Z" },
    { url = "https://files.pythonhosted.org/packages/15/2a/48e41d9ef0a24b1c6e67cbd94a676799e0561bfbc163be1aaaff5ca853f5/msgspec-0.20.0-cp310-cp310-manylinux2014_x86_64.manylinux_2_17_x86_64.manylinux_2_28_x86_64.whl", hash = "sha256:9369d5266144bef91be2940a3821e03e51a93c9080fde3ef72728c3f0a3a8bb7", size = 222653, upload-time = "2025-11-24T03:55:13.159Z" },
    { url = "https://files.pythonhosted.org/packages/90/c9/14b825df203d980f82a623450d5f39e7f7a09e6e256c52b498ea8f29d923/msgspec-0.20.0-cp310-cp310-musllinux_1_2_aarch64.whl", hash = "sha256:90fb865b306ca92c03964a5f3d0cd9eb1adda14f7e5ac7943efd159719ea9f10", size = 222337, upload-time = "2025-11-24T03:55:14.777Z" },
    { url = "https://files.pythonhosted.org/packages/8b/d7/39a5c3ddd294f587d6fb8efccc8361b6aa5089974015054071e665c9d24b/msgspec-0.20.0-cp310-cp310-musllinux_1_2_x86_64.whl", hash = "sha256:e8112cd48b67dfc0cfa49fc812b6ce7eb37499e1d95b9575061683f3428975d3", size = 225565, upload-time = "2025-11-24T03:55:16.4Z" },
    { url = "https://files.pythonhosted.org/packages/98/bd/5db3c14d675ee12842afb9b70c94c64f2c873f31198c46cbfcd7dffafab0/msgspec-0.20.0-cp310-cp310-win_amd64.whl", hash = "sha256:666b966d503df5dc27287675f525a56b6e66a2b8e8ccd2877b0c01328f19ae6c", size = 188412, upload-time = "2025-11-24T03:55:17.747Z" },
    { url = "https://files.pythonhosted.org/packages/76/c7/06cc218bc0c86f0c6c6f34f7eeea6cfb8b835070e8031e3b0ef00f6c7c69/msgspec-0.20.0-cp310-cp310-win_arm64.whl", hash = "sha256:099e3e85cd5b238f2669621be65f0728169b8c7cb7ab07f6137b02dc7feea781", size = 173951, upload-time = "2025-11-24T03:55:19.335Z" },
    { url = "https://files.pythonhosted.org/packages/03/59/fdcb3af72f750a8de2bcf39d62ada70b5eb17b06d7f63860e0a679cb656b/msgspec-0.20.0-cp311-cp311-macosx_10_9_x86_64.whl", hash = "sha256:09e0efbf1ac641fedb1d5496c59507c2f0dc62a052189ee62c763e0aae217520", size = 193345, upload-time = "2025-11-24T03:55:20.613Z" },
    { url = "https://files.pythonhosted.org/packages/5a/15/3c225610da9f02505d37d69a77f4a2e7daae2a125f99d638df211ba84e59/msgspec-0.20.0-cp311-cp311-macosx_11_0_arm64.whl", hash = "sha256:23ee3787142e48f5ee746b2909ce1b76e2949fbe0f97f9f6e70879f06c218b54", size = 186867, upload-time = "2025-11-24T03:55:22.4Z" },
    { url = "https://files.pythonhosted.org/packages/81/36/13ab0c547e283bf172f45491edfdea0e2cecb26ae61e3a7b1ae6058b326d/msgspec-0.20.0-cp311-cp311-manylinux2014_aarch64.manylinux_2_17_aarch64.manylinux_2_28_aarch64.whl", hash = "sha256:81f4ac6f0363407ac0465eff5c7d4d18f26870e00674f8fcb336d898a1e36854", size = 215351, upload-time = "2025-11-24T03:55:23.958Z" },
    { url = "https://files.pythonhosted.org/packages/6b/96/5c095b940de3aa6b43a71ec76275ac3537b21bd45c7499b5a17a429110fa/msgspec-0.20.0-cp311-cp311-manylinux2014_x86_64.manylinux_2_17_x86_64.manylinux_2_28_x86_64.whl", hash = "sha256:bb4d873f24ae18cd1334f4e37a178ed46c9d186437733351267e0a269bdf7e53", size = 219896, upload-time = "2025-11-24T03:55:25.356Z" },
    { url = "https://files.pythonhosted.org/packages/98/7a/81a7b5f01af300761087b114dafa20fb97aed7184d33aab64d48874eb187/msgspec-0.20.0-cp311-cp311-musllinux_1_2_aarch64.whl", hash = "sha256:b92b8334427b8393b520c24ff53b70f326f79acf5f74adb94fd361bcff8a1d4e", size = 220389, upload-time = "2025-11-24T03:55:26.99Z" },
    { url = "https://files.pythonhosted.org/packages/70/c0/3d0cce27db9a9912421273d49eab79ce01ecd2fed1a2f1b74af9b445f33c/msgspec-0.20.0-cp311-cp311-musllinux_1_2_x86_64.whl", hash = "sha256:562c44b047c05cc0384e006fae7a5e715740215c799429e0d7e3e5adf324285a", size = 223348, upload-time = "2025-11-24T03:55:28.311Z" },
    { url = "https://files.pythonhosted.org/packages/89/5e/406b7d578926b68790e390d83a1165a9bfc2d95612a1a9c1c4d5c72ea815/msgspec-0.20.0-cp311-cp311-win_amd64.whl", hash = "sha256:d1dcc93a3ce3d3195985bfff18a48274d0b5ffbc96fa1c5b89da6f0d9af81b29", size = 188713, upload-time = "2025-11-24T03:55:29.553Z" },
    { url = "https://files.pythonhosted.org/packages/47/87/14fe2316624ceedf76a9e94d714d194cbcb699720b210ff189f89ca4efd7/msgspec-0.20.0-cp311-cp311-win_arm64.whl", hash = "sha256:aa387aa330d2e4bd69995f66ea8fdc87099ddeedf6fdb232993c6a67711e7520", size = 174229, upload-time = "2025-11-24T03:55:31.107Z" },
    { url = "https://files.pythonhosted.org/packages/d9/6f/1e25eee957e58e3afb2a44b94fa95e06cebc4c236193ed0de3012fff1e19/msgspec-0.20.0-cp312-cp312-macosx_10_13_x86_64.whl", hash = "sha256:2aba22e2e302e9231e85edc24f27ba1f524d43c223ef5765bd8624c7df9ec0a5", size = 196391, upload-time = "2025-11-24T03:55:32.677Z" },
    { url = "https://files.pythonhosted.org/packages/7f/ee/af51d090ada641d4b264992a486435ba3ef5b5634bc27e6eb002f71cef7d/msgspec-0.20.0-cp312-cp312-macosx_11_0_arm64.whl", hash = "sha256:716284f898ab2547fedd72a93bb940375de9fbfe77538f05779632dc34afdfde", size = 188644, upload-time = "2025-11-24T03:55:33.934Z" },
    { url = "https://files.pythonhosted.org/packages/49/d6/9709ee093b7742362c2934bfb1bbe791a1e09bed3ea5d8a18ce552fbfd73/msgspec-0.20.0-cp312-cp312-manylinux2014_aarch64.manylinux_2_17_aarch64.manylinux_2_28_aarch64.whl", hash = "sha256:558ed73315efa51b1538fa8f1d3b22c8c5ff6d9a2a62eff87d25829b94fc5054", size = 218852, upload-time = "2025-11-24T03:55:35.575Z" },
    { url = "https://files.pythonhosted.org/packages/5c/a2/488517a43ccf5a4b6b6eca6dd4ede0bd82b043d1539dd6bb908a19f8efd3/msgspec-0.20.0-cp312-cp312-manylinux2014_x86_64.manylinux_2_17_x86_64.manylinux_2_28_x86_64.whl", hash = "sha256:509ac1362a1d53aa66798c9b9fd76872d7faa30fcf89b2fba3bcbfd559d56eb0", size = 224937, upload-time = "2025-11-24T03:55:36.859Z" },
    { url = "https://files.pythonhosted.org/packages/d5/e8/49b832808aa23b85d4f090d1d2e48a4e3834871415031ed7c5fe48723156/msgspec-0.20.0-cp312-cp312-musllinux_1_2_aarch64.whl", hash = "sha256:1353c2c93423602e7dea1aa4c92f3391fdfc25ff40e0bacf81d34dbc68adb870", size = 222858, upload-time = "2025-11-24T03:55:38.187Z" },
    { url = "https://files.pythonhosted.org/packages/9f/56/1dc2fa53685dca9c3f243a6cbecd34e856858354e455b77f47ebd76cf5bf/msgspec-0.20.0-cp312-cp312-musllinux_1_2_x86_64.whl", hash = "sha256:cb33b5eb5adb3c33d749684471c6a165468395d7aa02d8867c15103b81e1da3e", size = 227248, upload-time = "2025-11-24T03:55:39.496Z" },
    { url = "https://files.pythonhosted.org/packages/5a/51/aba940212c23b32eedce752896205912c2668472ed5b205fc33da28a6509/msgspec-0.20.0-cp312-cp312-win_amd64.whl", hash = "sha256:fb1d934e435dd3a2b8cf4bbf47a8757100b4a1cfdc2afdf227541199885cdacb", size = 190024, upload-time = "2025-11-24T03:55:40.829Z" },
    { url = "https://files.pythonhosted.org/packages/41/ad/3b9f259d94f183daa9764fef33fdc7010f7ecffc29af977044fa47440a83/msgspec-0.20.0-cp312-cp312-win_arm64.whl", hash = "sha256:00648b1e19cf01b2be45444ba9dc961bd4c056ffb15706651e64e5d6ec6197b7", size = 175390, upload-time = "2025-11-24T03:55:42.05Z" },
    { url = "https://files.pythonhosted.org/packages/8a/d1/b902d38b6e5ba3bdddbec469bba388d647f960aeed7b5b3623a8debe8a76/msgspec-0.20.0-cp313-cp313-macosx_10_13_x86_64.whl", hash = "sha256:9c1ff8db03be7598b50dd4b4a478d6fe93faae3bd54f4f17aa004d0e46c14c46", size = 196463, upload-time = "2025-11-24T03:55:43.405Z" },
    { url = "https://files.pythonhosted.org/packages/57/b6/eff0305961a1d9447ec2b02f8c73c8946f22564d302a504185b730c9a761/msgspec-0.20.0-cp313-cp313-macosx_11_0_arm64.whl", hash = "sha256:f6532369ece217fd37c5ebcfd7e981f2615628c21121b7b2df9d3adcf2fd69b8", size = 188650, upload-time = "2025-11-24T03:55:44.761Z" },
    { url = "https://files.pythonhosted.org/packages/99/93/f2ec1ae1de51d3fdee998a1ede6b2c089453a2ee82b5c1b361ed9095064a/msgspec-0.20.0-cp313-cp313-manylinux2014_aarch64.manylinux_2_17_aarch64.manylinux_2_28_aarch64.whl", hash = "sha256:f9a1697da2f85a751ac3cc6a97fceb8e937fc670947183fb2268edaf4016d1ee", size = 218834, upload-time = "2025-11-24T03:55:46.441Z" },
    { url = "https://files.pythonhosted.org/packages/28/83/36557b04cfdc317ed8a525c4993b23e43a8fbcddaddd78619112ca07138c/msgspec-0.20.0-cp313-cp313-manylinux2014_x86_64.manylinux_2_17_x86_64.manylinux_2_28_x86_64.whl", hash = "sha256:7fac7e9c92eddcd24c19d9e5f6249760941485dff97802461ae7c995a2450111", size = 224917, upload-time = "2025-11-24T03:55:48.06Z" },
    { url = "https://files.pythonhosted.org/packages/8f/56/362037a1ed5be0b88aced59272442c4b40065c659700f4b195a7f4d0ac88/msgspec-0.20.0-cp313-cp313-musllinux_1_2_aarch64.whl", hash = "sha256:f953a66f2a3eb8d5ea64768445e2bb301d97609db052628c3e1bcb7d87192a9f", size = 222821, upload-time = "2025-11-24T03:55:49.388Z" },
    { url = "https://files.pythonhosted.org/packages/92/75/fa2370ec341cedf663731ab7042e177b3742645c5dd4f64dc96bd9f18a6b/msgspec-0.20.0-cp313-cp313-musllinux_1_2_x86_64.whl", hash = "sha256:247af0313ae64a066d3aea7ba98840f6681ccbf5c90ba9c7d17f3e39dbba679c", size = 227227, upload-time = "2025-11-24T03:55:51.125Z" },
    { url = "https://files.pythonhosted.org/packages/f1/25/5e8080fe0117f799b1b68008dc29a65862077296b92550632de015128579/msgspec-0.20.0-cp313-cp313-win_amd64.whl", hash = "sha256:67d5e4dfad52832017018d30a462604c80561aa62a9d548fc2bd4e430b66a352", size = 189966, upload-time = "2025-11-24T03:55:52.458Z" },
    { url = "https://files.pythonhosted.org/packages/79/b6/63363422153937d40e1cb349c5081338401f8529a5a4e216865decd981bf/msgspec-0.20.0-cp313-cp313-win_arm64.whl", hash = "sha256:91a52578226708b63a9a13de287b1ec3ed1123e4a088b198143860c087770458", size = 175378, upload-time = "2025-11-24T03:55:53.721Z" },
    { url = "https://files.pythonhosted.org/packages/bb/18/62dc13ab0260c7d741dda8dc7f481495b93ac9168cd887dda5929880eef8/msgspec-0.20.0-cp314-cp314-macosx_10_15_x86_64.whl", hash = "sha256:eead16538db1b3f7ec6e3ed1f6f7c5dec67e90f76e76b610e1ffb5671815633a", size = 196407, upload-time = "2025-11-24T03:55:55.001Z" },
    { url = "https://files.pythonhosted.org/packages/dd/1d/b9949e4ad6953e9f9a142c7997b2f7390c81e03e93570c7c33caf65d27e1/msgspec-0.20.0-cp314-cp314-macosx_11_0_arm64.whl", hash = "sha256:703c3bb47bf47801627fb1438f106adbfa2998fe586696d1324586a375fca238", size = 188889, upload-time = "2025-11-24T03:55:56.311Z" },
    { url = "https://files.pythonhosted.org/packages/1e/19/f8bb2dc0f1bfe46cc7d2b6b61c5e9b5a46c62298e8f4d03bbe499c926180/msgspec-0.20.0-cp314-cp314-manylinux2014_aarch64.manylinux_2_17_aarch64.manylinux_2_28_aarch64.whl", hash = "sha256:6cdb227dc585fb109305cee0fd304c2896f02af93ecf50a9c84ee54ee67dbb42", size = 219691, upload-time = "2025-11-24T03:55:57.908Z" },
    { url = "https://files.pythonhosted.org/packages/b8/8e/6b17e43f6eb9369d9858ee32c97959fcd515628a1df376af96c11606cf70/msgspec-0.20.0-cp314-cp314-manylinux2014_x86_64.manylinux_2_17_x86_64.manylinux_2_28_x86_64.whl", hash = "sha256:27d35044dd8818ac1bd0fedb2feb4fbdff4e3508dd7c5d14316a12a2d96a0de0", size = 224918, upload-time = "2025-11-24T03:55:59.322Z" },
    { url = "https://files.pythonhosted.org/packages/1c/db/0e833a177db1a4484797adba7f429d4242585980b90882cc38709e1b62df/msgspec-0.20.0-cp314-cp314-musllinux_1_2_aarch64.whl", hash = "sha256:b4296393a29ee42dd25947981c65506fd4ad39beaf816f614146fa0c5a6c91ae", size = 223436, upload-time = "2025-11-24T03:56:00.716Z" },
    { url = "https://files.pythonhosted.org/packages/c3/30/d2ee787f4c918fd2b123441d49a7707ae9015e0e8e1ab51aa7967a97b90e/msgspec-0.20.0-cp314-cp314-musllinux_1_2_x86_64.whl", hash = "sha256:205fbdadd0d8d861d71c8f3399fe1a82a2caf4467bc8ff9a626df34c12176980", size = 227190, upload-time = "2025-11-24T03:56:02.371Z" },
    { url = "https://files.pythonhosted.org/packages/ff/37/9c4b58ff11d890d788e700b827db2366f4d11b3313bf136780da7017278b/msgspec-0.20.0-cp314-cp314-win_amd64.whl", hash = "sha256:7dfebc94fe7d3feec6bc6c9df4f7e9eccc1160bb5b811fbf3e3a56899e398a6b", size = 193950, upload-time = "2025-11-24T03:56:03.668Z" },
    { url = "https://files.pythonhosted.org/packages/e9/4e/cab707bf2fa57408e2934e5197fc3560079db34a1e3cd2675ff2e47e07de/msgspec-0.20.0-cp314-cp314-win_arm64.whl", hash = "sha256:2ad6ae36e4a602b24b4bf4eaf8ab5a441fec03e1f1b5931beca8ebda68f53fc0", size = 179018, upload-time = "2025-11-24T03:56:05.038Z" },
    { url = "https://files.pythonhosted.org/packages/4c/06/3da3fc9aaa55618a8f43eb9052453cfe01f82930bca3af8cea63a89f3a11/msgspec-0.20.0-cp314-cp314t-macosx_10_15_x86_64.whl", hash = "sha256:f84703e0e6ef025663dd1de828ca028774797b8155e070e795c548f76dde65d5", size = 200389, upload-time = "2025-11-24T03:56:06.375Z" },
    { url = "https://files.pythonhosted.org/packages/83/3b/cc4270a5ceab40dfe1d1745856951b0a24fd16ac8539a66ed3004a60c91e/msgspec-0.20.0-cp314-cp314t-macosx_11_0_arm64.whl", hash = "sha256:7c83fc24dd09cf1275934ff300e3951b3adc5573f0657a643515cc16c7dee131", size = 193198, upload-time = "2025-11-24T03:56:07.742Z" },
    { url = "https://files.pythonhosted.org/packages/cd/ae/4c7905ac53830c8e3c06fdd60e3cdcfedc0bbc993872d1549b84ea21a1bd/msgspec-0.20.0-cp314-cp314t-manylinux2014_aarch64.manylinux_2_17_aarch64.manylinux_2_28_aarch64.whl", hash = "sha256:5f13ccb1c335a124e80c4562573b9b90f01ea9521a1a87f7576c2e281d547f56", size = 225973, upload-time = "2025-11-24T03:56:09.18Z" },
    { url = "https://files.pythonhosted.org/packages/d9/da/032abac1de4d0678d99eaeadb1323bd9d247f4711c012404ba77ed6f15ca/msgspec-0.20.0-cp314-cp314t-manylinux2014_x86_64.manylinux_2_17_x86_64.manylinux_2_28_x86_64.whl", hash = "sha256:17c2b5ca19f19306fc83c96d85e606d2cc107e0caeea85066b5389f664e04846", size = 229509, upload-time = "2025-11-24T03:56:10.898Z" },
    { url = "https://files.pythonhosted.org/packages/69/52/fdc7bdb7057a166f309e0b44929e584319e625aaba4771b60912a9321ccd/msgspec-0.20.0-cp314-cp314t-musllinux_1_2_aarch64.whl", hash = "sha256:d931709355edabf66c2dd1a756b2d658593e79882bc81aae5964969d5a291b63", size = 230434, upload-time = "2025-11-24T03:56:12.48Z" },
    { url = "https://files.pythonhosted.org/packages/cb/fe/1dfd5f512b26b53043884e4f34710c73e294e7cc54278c3fe28380e42c37/msgspec-0.20.0-cp314-cp314t-musllinux_1_2_x86_64.whl", hash = "sha256:565f915d2e540e8a0c93a01ff67f50aebe1f7e22798c6a25873f9fda8d1325f8", size = 231758, upload-time = "2025-11-24T03:56:13.765Z" },
    { url = "https://files.pythonhosted.org/packages/97/f6/9ba7121b8e0c4e0beee49575d1dbc804e2e72467692f0428cf39ceba1ea5/msgspec-0.20.0-cp314-cp314t-win_amd64.whl", hash = "sha256:726f3e6c3c323f283f6021ebb6c8ccf58d7cd7baa67b93d73bfbe9a15c34ab8d", size = 206540, upload-time = "2025-11-24T03:56:15.029Z" },
    { url = "https://files.pythonhosted.org/packages/c8/3e/c5187de84bb2c2ca334ab163fcacf19a23ebb1d876c837f81a1b324a15bf/msgspec-0.20.0-cp314-cp314t-win_arm64.whl", hash = "sha256:93f23528edc51d9f686808a361728e903d6f2be55c901d6f5c92e44c6d546bfc", size = 183011, upload-time = "2025-11-24T03:56:16.442Z" },
    { url = "https://files.pythonhosted.org/packages/b2/30/55eb8645bf11ea84bc1dafa670d068348b08b84660c4c9240ff05296e707/msgspec-0.20.0-cp39-cp39-macosx_10_9_x86_64.whl", hash = "sha256:eee56472ced14602245ac47516e179d08c6c892d944228796f239e983de7449c", size = 195293, upload-time = "2025-11-24T03:56:17.763Z" },
    { url = "https://files.pythonhosted.org/packages/b1/c2/78c66d69beb45c311ba6ad0021f31ddfe6f19fe1b46cf295175fbb41430d/msgspec-0.20.0-cp39-cp39-macosx_11_0_arm64.whl", hash = "sha256:19395e9a08cc5bd0e336909b3e13b4ae5ee5e47b82e98f8b7801d5a13806bb6f", size = 188572, upload-time = "2025-11-24T03:56:19.431Z" },
    { url = "https://files.pythonhosted.org/packages/44/14/9d6f685a277e4d3417f103c4d228cb7ea83fdd776c739570f233917f5fd2/msgspec-0.20.0-cp39-cp39-manylinux2014_aarch64.manylinux_2_17_aarch64.manylinux_2_28_aarch64.whl", hash = "sha256:d5bb7ce84fe32f6ce9f62aa7e7109cb230ad542cc5bc9c46e587f1dac4afc48e", size = 216219, upload-time = "2025-11-24T03:56:20.823Z" },
    { url = "https://files.pythonhosted.org/packages/98/24/e50ea4080656a711bee9fe3d846de3b0e74f03c1dc620284b82e1757fdb0/msgspec-0.20.0-cp39-cp39-manylinux2014_x86_64.manylinux_2_17_x86_64.manylinux_2_28_x86_64.whl", hash = "sha256:8c6da9ae2d76d11181fbb0ea598f6e1d558ef597d07ec46d689d17f68133769f", size = 222573, upload-time = "2025-11-24T03:56:22.17Z" },
    { url = "https://files.pythonhosted.org/packages/d1/4b/2d9415a935ebd6e5f34fd5cad7be6b8525d8353bf5ed6eb77e706863f3b0/msgspec-0.20.0-cp39-cp39-musllinux_1_2_aarch64.whl", hash = "sha256:84d88bd27d906c471a5ca232028671db734111996ed1160e37171a8d1f07a599", size = 222097, upload-time = "2025-11-24T03:56:23.553Z" },
    { url = "https://files.pythonhosted.org/packages/b3/56/2cc277def0d43625dd14ab6ee0e3a5198175725198122d707fa139ebbdd1/msgspec-0.20.0-cp39-cp39-musllinux_1_2_x86_64.whl", hash = "sha256:03907bf733f94092a6b4c5285b274f79947cad330bd8a9d8b45c0369e1a3c7f0", size = 225419, upload-time = "2025-11-24T03:56:24.953Z" },
    { url = "https://files.pythonhosted.org/packages/42/1d/e9401b352aa399af5efa35f1f130651698e65f919ecb9221b925b2236948/msgspec-0.20.0-cp39-cp39-win_amd64.whl", hash = "sha256:9fbcb660632a2f5c247c0dc820212bf3a423357ac6241ff6dc6cfc6f72584016", size = 188527, upload-time = "2025-11-24T03:56:26.193Z" },
    { url = "https://files.pythonhosted.org/packages/02/59/079f33cd092ee42c9b97a59daa2115e7550a7eba98781ef6657e3d710d56/msgspec-0.20.0-cp39-cp39-win_arm64.whl", hash = "sha256:f7cd0e89b86a16005745cb99bd1858e8050fc17f63de571504492b267bca188a", size = 173927, upload-time = "2025-11-24T03:56:27.52Z" },
]

[[package]]
name = "ros-z-py"
version = "0.1.0"
source = { editable = "." }
dependencies = [
    { name = "msgspec", version = "0.18.6", source = { registry = "https://pypi.org/simple" }, marker = "python_full_version < '3.9'" },
    { name = "msgspec", version = "0.20.0", source = { registry = "https://pypi.org/simple" }, marker = "python_full_version >= '3.9'" },
]

[package.metadata]
requires-dist = [{ name = "msgspec", specifier = ">=0.18.0" }]
